
Microsoft Visual Studio Solution File, Format Version 12.00
# Visual Studio Version 17
VisualStudioVersion = 17.5.33516.290
MinimumVisualStudioVersion = 10.0.40219.1
Project("{9A19103F-16F7-4668-BE54-9A1E7A4F7556}") = "WayBeyond.UX", "WayBeyond.UX\WayBeyond.UX.csproj", "{AA234A21-746A-4A7E-B7F0-631DD816BFE9}"
EndProject
Project("{9A19103F-16F7-4668-BE54-9A1E7A4F7556}") = "WayBeyond.Data", "WayBeyond.Data\WayBeyond.Data.csproj", "{6E77E445-F7D6-4E15-ABA8-59BBF3349174}"
EndProject
Project("{2150E333-8FDC-42A3-9474-1A3956D46DE8}") = "Documentation", "Documentation", "{8D61ADE9-1C7F-47DC-9237-691CEE322402}"
	ProjectSection(SolutionItems) = preProject
		ClientFormat.md = ClientFormat.md
	EndProjectSection
EndProject
Project("{2150E333-8FDC-42A3-9474-1A3956D46DE8}") = "images", "images", "{1858D1B0-3EA0-475E-8586-EBD80A7D58AA}"
EndProject
Global
	GlobalSection(SolutionConfigurationPlatforms) = preSolution
		Debug|Any CPU = Debug|Any CPU
		Release|Any CPU = Release|Any CPU
	EndGlobalSection
	GlobalSection(ProjectConfigurationPlatforms) = postSolution
		{AA234A21-746A-4A7E-B7F0-631DD816BFE9}.Debug|Any CPU.ActiveCfg = Debug|Any CPU
		{AA234A21-746A-4A7E-B7F0-631DD816BFE9}.Debug|Any CPU.Build.0 = Debug|Any CPU
		{AA234A21-746A-4A7E-B7F0-631DD816BFE9}.Release|Any CPU.ActiveCfg = Release|Any CPU
		{AA234A21-746A-4A7E-B7F0-631DD816BFE9}.Release|Any CPU.Build.0 = Release|Any CPU
		{6E77E445-F7D6-4E15-ABA8-59BBF3349174}.Debug|Any CPU.ActiveCfg = Debug|Any CPU
		{6E77E445-F7D6-4E15-ABA8-59BBF3349174}.Debug|Any CPU.Build.0 = Debug|Any CPU
		{6E77E445-F7D6-4E15-ABA8-59BBF3349174}.Release|Any CPU.ActiveCfg = Release|Any CPU
		{6E77E445-F7D6-4E15-ABA8-59BBF3349174}.Release|Any CPU.Build.0 = Release|Any CPU
	EndGlobalSection
	GlobalSection(SolutionProperties) = preSolution
		HideSolutionNode = FALSE
	EndGlobalSection
	GlobalSection(NestedProjects) = preSolution
		{1858D1B0-3EA0-475E-8586-EBD80A7D58AA} = {8D61ADE9-1C7F-47DC-9237-691CEE322402}
	EndGlobalSection
	GlobalSection(ExtensibilityGlobals) = postSolution
		SolutionGuid = {37EEC1CD-311B-4B5F-8AEE-2EAF89A9DD5B}
	EndGlobalSection
EndGlobal
