
Microsoft Visual Studio Solution File, Format Version 12.00
# Visual Studio Version 17
VisualStudioVersion = 17.5.33516.290
MinimumVisualStudioVersion = 10.0.40219.1
Project("{FAE04EC0-301F-11D3-BF4B-00C04F79EFBC}") = "WayBeyond.UX", "WayBeyond.UX\WayBeyond.UX.csproj", "{AA234A21-746A-4A7E-B7F0-631DD816BFE9}"
EndProject
Project("{FAE04EC0-301F-11D3-BF4B-00C04F79EFBC}") = "WayBeyond.Data", "WayBeyond.Data\WayBeyond.Data.csproj", "{6E77E445-F7D6-4E15-ABA8-59BBF3349174}"
EndProject
Global
	GlobalSection(SolutionConfigurationPlatforms) = preSolution
		Debug|Any CPU = Debug|Any CPU
		Release|Any CPU = Release|Any CPU
	EndGlobalSection
	GlobalSection(ProjectConfigurationPlatforms) = postSolution
		{AA234A21-746A-4A7E-B7F0-631DD816BFE9}.Debug|Any CPU.ActiveCfg = Debug|Any CPU
		{AA234A21-746A-4A7E-B7F0-631DD816BFE9}.Debug|Any CPU.Build.0 = Debug|Any CPU
		{AA234A21-746A-4A7E-B7F0-631DD816BFE9}.Release|Any CPU.ActiveCfg = Release|Any CPU
		{AA234A21-746A-4A7E-B7F0-631DD816BFE9}.Release|Any CPU.Build.0 = Release|Any CPU
		{6E77E445-F7D6-4E15-ABA8-59BBF3349174}.Debug|Any CPU.ActiveCfg = Debug|Any CPU
		{6E77E445-F7D6-4E15-ABA8-59BBF3349174}.Debug|Any CPU.Build.0 = Debug|Any CPU
		{6E77E445-F7D6-4E15-ABA8-59BBF3349174}.Release|Any CPU.ActiveCfg = Release|Any CPU
		{6E77E445-F7D6-4E15-ABA8-59BBF3349174}.Release|Any CPU.Build.0 = Release|Any CPU
	EndGlobalSection
	GlobalSection(SolutionProperties) = preSolution
		HideSolutionNode = FALSE
	EndGlobalSection
	GlobalSection(ExtensibilityGlobals) = postSolution
		SolutionGuid = {37EEC1CD-311B-4B5F-8AEE-2EAF89A9DD5B}
	EndGlobalSection
EndGlobal
